
Microsoft Visual Studio Solution File, Format Version 12.00
# Visual Studio Version 16
VisualStudioVersion = 16.0.29728.190
MinimumVisualStudioVersion = 10.0.40219.1
Project("{9A19103F-16F7-4668-BE54-9A1E7A4F7556}") = "MTP_4s.1", "MTP_4s.1\MTP_4s.1.csproj", "{7BE85172-7497-4117-B2FF-2E2415D8435E}"
EndProject
Project("{9A19103F-16F7-4668-BE54-9A1E7A4F7556}") = "MTP_4s_1_Console", "MTP_4s_1_Console\MTP_4s_1_Console.csproj", "{1C2F9085-60B4-484E-96A0-CFD2B9F8B7F2}"
EndProject
Project("{FAE04EC0-301F-11D3-BF4B-00C04F79EFBC}") = "MTP_4s_Test", "MTP_4s_Test\MTP_4s_Test.csproj", "{F407D339-C173-4104-96A2-32FB039E1083}"
EndProject
Global
	GlobalSection(SolutionConfigurationPlatforms) = preSolution
		Debug|Any CPU = Debug|Any CPU
		Release|Any CPU = Release|Any CPU
	EndGlobalSection
	GlobalSection(ProjectConfigurationPlatforms) = postSolution
		{7BE85172-7497-4117-B2FF-2E2415D8435E}.Debug|Any CPU.ActiveCfg = Debug|Any CPU
		{7BE85172-7497-4117-B2FF-2E2415D8435E}.Debug|Any CPU.Build.0 = Debug|Any CPU
		{7BE85172-7497-4117-B2FF-2E2415D8435E}.Release|Any CPU.ActiveCfg = Release|Any CPU
		{7BE85172-7497-4117-B2FF-2E2415D8435E}.Release|Any CPU.Build.0 = Release|Any CPU
		{1C2F9085-60B4-484E-96A0-CFD2B9F8B7F2}.Debug|Any CPU.ActiveCfg = Debug|Any CPU
		{1C2F9085-60B4-484E-96A0-CFD2B9F8B7F2}.Debug|Any CPU.Build.0 = Debug|Any CPU
		{1C2F9085-60B4-484E-96A0-CFD2B9F8B7F2}.Release|Any CPU.ActiveCfg = Release|Any CPU
		{1C2F9085-60B4-484E-96A0-CFD2B9F8B7F2}.Release|Any CPU.Build.0 = Release|Any CPU
		{F407D339-C173-4104-96A2-32FB039E1083}.Debug|Any CPU.ActiveCfg = Debug|Any CPU
		{F407D339-C173-4104-96A2-32FB039E1083}.Debug|Any CPU.Build.0 = Debug|Any CPU
		{F407D339-C173-4104-96A2-32FB039E1083}.Release|Any CPU.ActiveCfg = Release|Any CPU
		{F407D339-C173-4104-96A2-32FB039E1083}.Release|Any CPU.Build.0 = Release|Any CPU
	EndGlobalSection
	GlobalSection(SolutionProperties) = preSolution
		HideSolutionNode = FALSE
	EndGlobalSection
	GlobalSection(ExtensibilityGlobals) = postSolution
		SolutionGuid = {C7F05C2C-CBB8-4773-B1E4-14EC12612DF5}
	EndGlobalSection
EndGlobal
